
Microsoft Visual Studio Solution File, Format Version 12.00
Project("{FAE04EC0-301F-11D3-BF4B-00C04F79EFBC}") = "GameView", "GameView\GameView.csproj", "{278865D5-81C6-4484-817C-BF7416F2D1D2}"
EndProject
Project("{FAE04EC0-301F-11D3-BF4B-00C04F79EFBC}") = "Model.Core", "Model.Core\Model.Core.csproj", "{F8C67DB4-E7DF-446D-8B57-FDE1084185AB}"
EndProject
Project("{FAE04EC0-301F-11D3-BF4B-00C04F79EFBC}") = "Model.Board", "Model.Board\Model.Board.csproj", "{388C846F-5EA7-4978-B82A-58BEE8230C11}"
EndProject
Project("{FAE04EC0-301F-11D3-BF4B-00C04F79EFBC}") = "Model.Game", "Model.Game\Model.Game.csproj", "{69E67DF7-8B90-4852-B426-95D1415E0986}"
EndProject
Project("{2150E333-8FDC-42A3-9474-1A3956D46DE8}") = "Model", "Model", "{35F185AD-3095-4E90-912E-A82DFAA13DFD}"
EndProject
Project("{2150E333-8FDC-42A3-9474-1A3956D46DE8}") = "View", "View", "{9ADD9857-4292-4610-A3A8-22C74038BB9F}"
EndProject
Project("{2150E333-8FDC-42A3-9474-1A3956D46DE8}") = "Presenter", "Presenter", "{9F14B3DF-1093-4298-AF16-2381B5CD88DD}"
EndProject
Project("{2150E333-8FDC-42A3-9474-1A3956D46DE8}") = "App", "App", "{7FFD3192-E7F2-42DC-9855-5C0BF1E04BC7}"
EndProject
Project("{2150E333-8FDC-42A3-9474-1A3956D46DE8}") = "DI", "DI", "{CE36687F-523A-4875-BA65-7FD7F65243F3}"
EndProject
Project("{FAE04EC0-301F-11D3-BF4B-00C04F79EFBC}") = "Bot", "Bot\Bot.csproj", "{28546EB5-74C2-436C-B9A1-4F6A2E6B7988}"
EndProject
Project("{FAE04EC0-301F-11D3-BF4B-00C04F79EFBC}") = "Commands", "Commands\Commands.csproj", "{85AD9722-EA48-4A27-97E4-C65493148E63}"
EndProject
Project("{FAE04EC0-301F-11D3-BF4B-00C04F79EFBC}") = "Command", "Command\Command.csproj", "{CA4E20DA-EC1B-4E8D-AF2A-628410314C22}"
EndProject
Project("{FAE04EC0-301F-11D3-BF4B-00C04F79EFBC}") = "Presenter", "Presenter\Presenter.csproj", "{9918E598-D6CE-401A-92C1-397D449C19CA}"
EndProject
Project("{FAE04EC0-301F-11D3-BF4B-00C04F79EFBC}") = "App", "App\App.csproj", "{95F083B0-0456-4BEA-A6FD-47439F5E2627}"
EndProject
Project("{FAE04EC0-301F-11D3-BF4B-00C04F79EFBC}") = "Core", "Core\Core.csproj", "{AEA99275-B762-4F66-A73C-7F6EF58B284C}"
EndProject
Project("{FAE04EC0-301F-11D3-BF4B-00C04F79EFBC}") = "ConsoleOutput", "ConsoleOutput\ConsoleOutput.csproj", "{99B49384-ACA9-4B66-B730-441717475254}"
EndProject
Project("{FAE04EC0-301F-11D3-BF4B-00C04F79EFBC}") = "ViewSwitcher", "ViewSwitcher\ViewSwitcher.csproj", "{DBF90DFD-8D69-4811-A1BE-3A9668FC6063}"
EndProject
Global
	GlobalSection(SolutionConfigurationPlatforms) = preSolution
		Debug|Any CPU = Debug|Any CPU
		Release|Any CPU = Release|Any CPU
	EndGlobalSection
	GlobalSection(ProjectConfigurationPlatforms) = postSolution
		{278865D5-81C6-4484-817C-BF7416F2D1D2}.Debug|Any CPU.ActiveCfg = Debug|Any CPU
		{278865D5-81C6-4484-817C-BF7416F2D1D2}.Debug|Any CPU.Build.0 = Debug|Any CPU
		{278865D5-81C6-4484-817C-BF7416F2D1D2}.Release|Any CPU.ActiveCfg = Release|Any CPU
		{278865D5-81C6-4484-817C-BF7416F2D1D2}.Release|Any CPU.Build.0 = Release|Any CPU
		{F8C67DB4-E7DF-446D-8B57-FDE1084185AB}.Release|Any CPU.ActiveCfg = Release|Any CPU
		{F8C67DB4-E7DF-446D-8B57-FDE1084185AB}.Release|Any CPU.Build.0 = Release|Any CPU
		{F8C67DB4-E7DF-446D-8B57-FDE1084185AB}.Debug|Any CPU.ActiveCfg = Release|Any CPU
		{F8C67DB4-E7DF-446D-8B57-FDE1084185AB}.Debug|Any CPU.Build.0 = Release|Any CPU
		{388C846F-5EA7-4978-B82A-58BEE8230C11}.Release|Any CPU.ActiveCfg = Release|Any CPU
		{388C846F-5EA7-4978-B82A-58BEE8230C11}.Release|Any CPU.Build.0 = Release|Any CPU
		{388C846F-5EA7-4978-B82A-58BEE8230C11}.Debug|Any CPU.ActiveCfg = Release|Any CPU
		{388C846F-5EA7-4978-B82A-58BEE8230C11}.Debug|Any CPU.Build.0 = Release|Any CPU
		{69E67DF7-8B90-4852-B426-95D1415E0986}.Debug|Any CPU.ActiveCfg = Debug|Any CPU
		{69E67DF7-8B90-4852-B426-95D1415E0986}.Debug|Any CPU.Build.0 = Debug|Any CPU
		{69E67DF7-8B90-4852-B426-95D1415E0986}.Release|Any CPU.ActiveCfg = Release|Any CPU
		{69E67DF7-8B90-4852-B426-95D1415E0986}.Release|Any CPU.Build.0 = Release|Any CPU
		{28546EB5-74C2-436C-B9A1-4F6A2E6B7988}.Debug|Any CPU.ActiveCfg = Debug|Any CPU
		{28546EB5-74C2-436C-B9A1-4F6A2E6B7988}.Debug|Any CPU.Build.0 = Debug|Any CPU
		{28546EB5-74C2-436C-B9A1-4F6A2E6B7988}.Release|Any CPU.ActiveCfg = Release|Any CPU
		{28546EB5-74C2-436C-B9A1-4F6A2E6B7988}.Release|Any CPU.Build.0 = Release|Any CPU
		{85AD9722-EA48-4A27-97E4-C65493148E63}.Debug|Any CPU.ActiveCfg = Debug|Any CPU
		{85AD9722-EA48-4A27-97E4-C65493148E63}.Debug|Any CPU.Build.0 = Debug|Any CPU
		{85AD9722-EA48-4A27-97E4-C65493148E63}.Release|Any CPU.ActiveCfg = Release|Any CPU
		{85AD9722-EA48-4A27-97E4-C65493148E63}.Release|Any CPU.Build.0 = Release|Any CPU
		{CA4E20DA-EC1B-4E8D-AF2A-628410314C22}.Debug|Any CPU.ActiveCfg = Debug|Any CPU
		{CA4E20DA-EC1B-4E8D-AF2A-628410314C22}.Debug|Any CPU.Build.0 = Debug|Any CPU
		{CA4E20DA-EC1B-4E8D-AF2A-628410314C22}.Release|Any CPU.ActiveCfg = Release|Any CPU
		{CA4E20DA-EC1B-4E8D-AF2A-628410314C22}.Release|Any CPU.Build.0 = Release|Any CPU
		{9918E598-D6CE-401A-92C1-397D449C19CA}.Debug|Any CPU.ActiveCfg = Debug|Any CPU
		{9918E598-D6CE-401A-92C1-397D449C19CA}.Debug|Any CPU.Build.0 = Debug|Any CPU
		{9918E598-D6CE-401A-92C1-397D449C19CA}.Release|Any CPU.ActiveCfg = Release|Any CPU
		{9918E598-D6CE-401A-92C1-397D449C19CA}.Release|Any CPU.Build.0 = Release|Any CPU
		{95F083B0-0456-4BEA-A6FD-47439F5E2627}.Debug|Any CPU.ActiveCfg = Debug|Any CPU
		{95F083B0-0456-4BEA-A6FD-47439F5E2627}.Debug|Any CPU.Build.0 = Debug|Any CPU
		{95F083B0-0456-4BEA-A6FD-47439F5E2627}.Release|Any CPU.ActiveCfg = Release|Any CPU
		{95F083B0-0456-4BEA-A6FD-47439F5E2627}.Release|Any CPU.Build.0 = Release|Any CPU
		{AEA99275-B762-4F66-A73C-7F6EF58B284C}.Debug|Any CPU.ActiveCfg = Debug|Any CPU
		{AEA99275-B762-4F66-A73C-7F6EF58B284C}.Debug|Any CPU.Build.0 = Debug|Any CPU
		{AEA99275-B762-4F66-A73C-7F6EF58B284C}.Release|Any CPU.ActiveCfg = Release|Any CPU
		{AEA99275-B762-4F66-A73C-7F6EF58B284C}.Release|Any CPU.Build.0 = Release|Any CPU
		{99B49384-ACA9-4B66-B730-441717475254}.Debug|Any CPU.ActiveCfg = Debug|Any CPU
		{99B49384-ACA9-4B66-B730-441717475254}.Debug|Any CPU.Build.0 = Debug|Any CPU
		{99B49384-ACA9-4B66-B730-441717475254}.Release|Any CPU.ActiveCfg = Release|Any CPU
		{99B49384-ACA9-4B66-B730-441717475254}.Release|Any CPU.Build.0 = Release|Any CPU
		{DBF90DFD-8D69-4811-A1BE-3A9668FC6063}.Debug|Any CPU.ActiveCfg = Debug|Any CPU
		{DBF90DFD-8D69-4811-A1BE-3A9668FC6063}.Debug|Any CPU.Build.0 = Debug|Any CPU
		{DBF90DFD-8D69-4811-A1BE-3A9668FC6063}.Release|Any CPU.ActiveCfg = Release|Any CPU
		{DBF90DFD-8D69-4811-A1BE-3A9668FC6063}.Release|Any CPU.Build.0 = Release|Any CPU
	EndGlobalSection
	GlobalSection(NestedProjects) = preSolution
		{F8C67DB4-E7DF-446D-8B57-FDE1084185AB} = {35F185AD-3095-4E90-912E-A82DFAA13DFD}
		{388C846F-5EA7-4978-B82A-58BEE8230C11} = {35F185AD-3095-4E90-912E-A82DFAA13DFD}
		{69E67DF7-8B90-4852-B426-95D1415E0986} = {35F185AD-3095-4E90-912E-A82DFAA13DFD}
		{278865D5-81C6-4484-817C-BF7416F2D1D2} = {9ADD9857-4292-4610-A3A8-22C74038BB9F}
		{28546EB5-74C2-436C-B9A1-4F6A2E6B7988} = {9F14B3DF-1093-4298-AF16-2381B5CD88DD}
		{85AD9722-EA48-4A27-97E4-C65493148E63} = {9F14B3DF-1093-4298-AF16-2381B5CD88DD}
		{CA4E20DA-EC1B-4E8D-AF2A-628410314C22} = {35F185AD-3095-4E90-912E-A82DFAA13DFD}
		{9918E598-D6CE-401A-92C1-397D449C19CA} = {9F14B3DF-1093-4298-AF16-2381B5CD88DD}
		{95F083B0-0456-4BEA-A6FD-47439F5E2627} = {7FFD3192-E7F2-42DC-9855-5C0BF1E04BC7}
		{AEA99275-B762-4F66-A73C-7F6EF58B284C} = {CE36687F-523A-4875-BA65-7FD7F65243F3}
		{99B49384-ACA9-4B66-B730-441717475254} = {9ADD9857-4292-4610-A3A8-22C74038BB9F}
		{DBF90DFD-8D69-4811-A1BE-3A9668FC6063} = {9F14B3DF-1093-4298-AF16-2381B5CD88DD}
	EndGlobalSection
EndGlobal
